
Microsoft Visual Studio Solution File, Format Version 12.00
# Visual Studio Version 17
VisualStudioVersion = 17.6.33829.357
MinimumVisualStudioVersion = 10.0.40219.1
Project("{FAE04EC0-301F-11D3-BF4B-00C04F79EFBC}") = "GestionArriendos", "GestionArriendos\GestionArriendos.csproj", "{702BA167-D765-4EC6-8933-165E615E0B59}"
EndProject
Global
	GlobalSection(SolutionConfigurationPlatforms) = preSolution
		Debug|Any CPU = Debug|Any CPU
		Release|Any CPU = Release|Any CPU
	EndGlobalSection
	GlobalSection(ProjectConfigurationPlatforms) = postSolution
		{702BA167-D765-4EC6-8933-165E615E0B59}.Debug|Any CPU.ActiveCfg = Debug|Any CPU
		{702BA167-D765-4EC6-8933-165E615E0B59}.Debug|Any CPU.Build.0 = Debug|Any CPU
		{702BA167-D765-4EC6-8933-165E615E0B59}.Release|Any CPU.ActiveCfg = Release|Any CPU
		{702BA167-D765-4EC6-8933-165E615E0B59}.Release|Any CPU.Build.0 = Release|Any CPU
	EndGlobalSection
	GlobalSection(SolutionProperties) = preSolution
		HideSolutionNode = FALSE
	EndGlobalSection
	GlobalSection(ExtensibilityGlobals) = postSolution
		SolutionGuid = {6AFE5057-E165-45AB-8B61-F7CA8F58F3F9}
	EndGlobalSection
EndGlobal
